// !$*UTF8*$!
{
	archiveVersion = 1;
	classes = {
	};
	objectVersion = 50;
	objects = {

/* Begin PBXBuildFile section */
		DCB709C2257BD2890098D572 /* My_AudioApp.swift in Sources */ = {isa = PBXBuildFile; fileRef = DCB709AF257BD2880098D572 /* My_AudioApp.swift */; };
		DCB709C3257BD2890098D572 /* My_AudioApp.swift in Sources */ = {isa = PBXBuildFile; fileRef = DCB709AF257BD2880098D572 /* My_AudioApp.swift */; };
		DCB709C4257BD2890098D572 /* ContentView.swift in Sources */ = {isa = PBXBuildFile; fileRef = DCB709B0257BD2880098D572 /* ContentView.swift */; };
		DCB709C5257BD2890098D572 /* ContentView.swift in Sources */ = {isa = PBXBuildFile; fileRef = DCB709B0257BD2880098D572 /* ContentView.swift */; };
		DCB709C6257BD2890098D572 /* Assets.xcassets in Resources */ = {isa = PBXBuildFile; fileRef = DCB709B1257BD2890098D572 /* Assets.xcassets */; };
		DCB709C7257BD2890098D572 /* Assets.xcassets in Resources */ = {isa = PBXBuildFile; fileRef = DCB709B1257BD2890098D572 /* Assets.xcassets */; };
/* End PBXBuildFile section */

/* Begin PBXFileReference section */
		DCB709AF257BD2880098D572 /* My_AudioApp.swift */ = {isa = PBXFileReference; lastKnownFileType = sourcecode.swift; path = My_AudioApp.swift; sourceTree = "<group>"; };
		DCB709B0257BD2880098D572 /* ContentView.swift */ = {isa = PBXFileReference; lastKnownFileType = sourcecode.swift; path = ContentView.swift; sourceTree = "<group>"; };
		DCB709B1257BD2890098D572 /* Assets.xcassets */ = {isa = PBXFileReference; lastKnownFileType = folder.assetcatalog; path = Assets.xcassets; sourceTree = "<group>"; };
		DCB709B6257BD2890098D572 /* My Audio.app */ = {isa = PBXFileReference; explicitFileType = wrapper.application; includeInIndex = 0; path = "My Audio.app"; sourceTree = BUILT_PRODUCTS_DIR; };
		DCB709B9257BD2890098D572 /* Info.plist */ = {isa = PBXFileReference; lastKnownFileType = text.plist.xml; path = Info.plist; sourceTree = "<group>"; };
		DCB709BE257BD2890098D572 /* My Audio.app */ = {isa = PBXFileReference; explicitFileType = wrapper.application; includeInIndex = 0; path = "My Audio.app"; sourceTree = BUILT_PRODUCTS_DIR; };
		DCB709C0257BD2890098D572 /* Info.plist */ = {isa = PBXFileReference; lastKnownFileType = text.plist.xml; path = Info.plist; sourceTree = "<group>"; };
		DCB709C1257BD2890098D572 /* macOS.entitlements */ = {isa = PBXFileReference; lastKnownFileType = text.plist.entitlements; path = macOS.entitlements; sourceTree = "<group>"; };
/* End PBXFileReference section */

/* Begin PBXFrameworksBuildPhase section */
		DCB709B3257BD2890098D572 /* Frameworks */ = {
			isa = PBXFrameworksBuildPhase;
			buildActionMask = 2147483647;
			files = (
			);
			runOnlyForDeploymentPostprocessing = 0;
		};
		DCB709BB257BD2890098D572 /* Frameworks */ = {
			isa = PBXFrameworksBuildPhase;
			buildActionMask = 2147483647;
			files = (
			);
			runOnlyForDeploymentPostprocessing = 0;
		};
/* End PBXFrameworksBuildPhase section */

/* Begin PBXGroup section */
		DCB709A9257BD2880098D572 = {
			isa = PBXGroup;
			children = (
				DCB709AE257BD2880098D572 /* Shared */,
				DCB709B8257BD2890098D572 /* iOS */,
				DCB709BF257BD2890098D572 /* macOS */,
				DCB709B7257BD2890098D572 /* Products */,
			);
			sourceTree = "<group>";
		};
		DCB709AE257BD2880098D572 /* Shared */ = {
			isa = PBXGroup;
			children = (
				DCB709AF257BD2880098D572 /* My_AudioApp.swift */,
				DCB709B0257BD2880098D572 /* ContentView.swift */,
				DCB709B1257BD2890098D572 /* Assets.xcassets */,
			);
			path = Shared;
			sourceTree = "<group>";
		};
		DCB709B7257BD2890098D572 /* Products */ = {
			isa = PBXGroup;
			children = (
				DCB709B6257BD2890098D572 /* My Audio.app */,
				DCB709BE257BD2890098D572 /* My Audio.app */,
			);
			name = Products;
			sourceTree = "<group>";
		};
		DCB709B8257BD2890098D572 /* iOS */ = {
			isa = PBXGroup;
			children = (
				DCB709B9257BD2890098D572 /* Info.plist */,
			);
			path = iOS;
			sourceTree = "<group>";
		};
		DCB709BF257BD2890098D572 /* macOS */ = {
			isa = PBXGroup;
			children = (
				DCB709C0257BD2890098D572 /* Info.plist */,
				DCB709C1257BD2890098D572 /* macOS.entitlements */,
			);
			path = macOS;
			sourceTree = "<group>";
		};
/* End PBXGroup section */

/* Begin PBXNativeTarget section */
		DCB709B5257BD2890098D572 /* My Audio (iOS) */ = {
			isa = PBXNativeTarget;
			buildConfigurationList = DCB709CA257BD2890098D572 /* Build configuration list for PBXNativeTarget "My Audio (iOS)" */;
			buildPhases = (
				DCB709B2257BD2890098D572 /* Sources */,
				DCB709B3257BD2890098D572 /* Frameworks */,
				DCB709B4257BD2890098D572 /* Resources */,
			);
			buildRules = (
			);
			dependencies = (
			);
			name = "My Audio (iOS)";
			productName = "My Audio (iOS)";
			productReference = DCB709B6257BD2890098D572 /* My Audio.app */;
			productType = "com.apple.product-type.application";
		};
		DCB709BD257BD2890098D572 /* My Audio (macOS) */ = {
			isa = PBXNativeTarget;
			buildConfigurationList = DCB709CD257BD2890098D572 /* Build configuration list for PBXNativeTarget "My Audio (macOS)" */;
			buildPhases = (
				DCB709BA257BD2890098D572 /* Sources */,
				DCB709BB257BD2890098D572 /* Frameworks */,
				DCB709BC257BD2890098D572 /* Resources */,
			);
			buildRules = (
			);
			dependencies = (
			);
			name = "My Audio (macOS)";
			productName = "My Audio (macOS)";
			productReference = DCB709BE257BD2890098D572 /* My Audio.app */;
			productType = "com.apple.product-type.application";
		};
/* End PBXNativeTarget section */

/* Begin PBXProject section */
		DCB709AA257BD2880098D572 /* Project object */ = {
			isa = PBXProject;
			attributes = {
				LastSwiftUpdateCheck = 1220;
				LastUpgradeCheck = 1220;
				TargetAttributes = {
					DCB709B5257BD2890098D572 = {
						CreatedOnToolsVersion = 12.2;
					};
					DCB709BD257BD2890098D572 = {
						CreatedOnToolsVersion = 12.2;
					};
				};
			};
			buildConfigurationList = DCB709AD257BD2880098D572 /* Build configuration list for PBXProject "My Audio" */;
			compatibilityVersion = "Xcode 9.3";
			developmentRegion = en;
			hasScannedForEncodings = 0;
			knownRegions = (
				en,
				Base,
			);
			mainGroup = DCB709A9257BD2880098D572;
			productRefGroup = DCB709B7257BD2890098D572 /* Products */;
			projectDirPath = "";
			projectRoot = "";
			targets = (
				DCB709B5257BD2890098D572 /* My Audio (iOS) */,
				DCB709BD257BD2890098D572 /* My Audio (macOS) */,
			);
		};
/* End PBXProject section */

/* Begin PBXResourcesBuildPhase section */
		DCB709B4257BD2890098D572 /* Resources */ = {
			isa = PBXResourcesBuildPhase;
			buildActionMask = 2147483647;
			files = (
				DCB709C6257BD2890098D572 /* Assets.xcassets in Resources */,
			);
			runOnlyForDeploymentPostprocessing = 0;
		};
		DCB709BC257BD2890098D572 /* Resources */ = {
			isa = PBXResourcesBuildPhase;
			buildActionMask = 2147483647;
			files = (
				DCB709C7257BD2890098D572 /* Assets.xcassets in Resources */,
			);
			runOnlyForDeploymentPostprocessing = 0;
		};
/* End PBXResourcesBuildPhase section */

/* Begin PBXSourcesBuildPhase section */
		DCB709B2257BD2890098D572 /* Sources */ = {
			isa = PBXSourcesBuildPhase;
			buildActionMask = 2147483647;
			files = (
				DCB709C4257BD2890098D572 /* ContentView.swift in Sources */,
				DCB709C2257BD2890098D572 /* My_AudioApp.swift in Sources */,
			);
			runOnlyForDeploymentPostprocessing = 0;
		};
		DCB709BA257BD2890098D572 /* Sources */ = {
			isa = PBXSourcesBuildPhase;
			buildActionMask = 2147483647;
			files = (
				DCB709C5257BD2890098D572 /* ContentView.swift in Sources */,
				DCB709C3257BD2890098D572 /* My_AudioApp.swift in Sources */,
			);
			runOnlyForDeploymentPostprocessing = 0;
		};
/* End PBXSourcesBuildPhase section */

/* Begin XCBuildConfiguration section */
		DCB709C8257BD2890098D572 /* Debug */ = {
			isa = XCBuildConfiguration;
			buildSettings = {
				ALWAYS_SEARCH_USER_PATHS = NO;
				CLANG_ANALYZER_NONNULL = YES;
				CLANG_ANALYZER_NUMBER_OBJECT_CONVERSION = YES_AGGRESSIVE;
				CLANG_CXX_LANGUAGE_STANDARD = "gnu++14";
				CLANG_CXX_LIBRARY = "libc++";
				CLANG_ENABLE_MODULES = YES;
				CLANG_ENABLE_OBJC_ARC = YES;
				CLANG_ENABLE_OBJC_WEAK = YES;
				CLANG_WARN_BLOCK_CAPTURE_AUTORELEASING = YES;
				CLANG_WARN_BOOL_CONVERSION = YES;
				CLANG_WARN_COMMA = YES;
				CLANG_WARN_CONSTANT_CONVERSION = YES;
				CLANG_WARN_DEPRECATED_OBJC_IMPLEMENTATIONS = YES;
				CLANG_WARN_DIRECT_OBJC_ISA_USAGE = YES_ERROR;
				CLANG_WARN_DOCUMENTATION_COMMENTS = YES;
				CLANG_WARN_EMPTY_BODY = YES;
				CLANG_WARN_ENUM_CONVERSION = YES;
				CLANG_WARN_INFINITE_RECURSION = YES;
				CLANG_WARN_INT_CONVERSION = YES;
				CLANG_WARN_NON_LITERAL_NULL_CONVERSION = YES;
				CLANG_WARN_OBJC_IMPLICIT_RETAIN_SELF = YES;
				CLANG_WARN_OBJC_LITERAL_CONVERSION = YES;
				CLANG_WARN_OBJC_ROOT_CLASS = YES_ERROR;
				CLANG_WARN_QUOTED_INCLUDE_IN_FRAMEWORK_HEADER = YES;
				CLANG_WARN_RANGE_LOOP_ANALYSIS = YES;
				CLANG_WARN_STRICT_PROTOTYPES = YES;
				CLANG_WARN_SUSPICIOUS_MOVE = YES;
				CLANG_WARN_UNGUARDED_AVAILABILITY = YES_AGGRESSIVE;
				CLANG_WARN_UNREACHABLE_CODE = YES;
				CLANG_WARN__DUPLICATE_METHOD_MATCH = YES;
				COPY_PHASE_STRIP = NO;
				DEBUG_INFORMATION_FORMAT = dwarf;
				ENABLE_STRICT_OBJC_MSGSEND = YES;
				ENABLE_TESTABILITY = YES;
				GCC_C_LANGUAGE_STANDARD = gnu11;
				GCC_DYNAMIC_NO_PIC = NO;
				GCC_NO_COMMON_BLOCKS = YES;
				GCC_OPTIMIZATION_LEVEL = 0;
				GCC_PREPROCESSOR_DEFINITIONS = (
					"DEBUG=1",
					"$(inherited)",
				);
				GCC_WARN_64_TO_32_BIT_CONVERSION = YES;
				GCC_WARN_ABOUT_RETURN_TYPE = YES_ERROR;
				GCC_WARN_UNDECLARED_SELECTOR = YES;
				GCC_WARN_UNINITIALIZED_AUTOS = YES_AGGRESSIVE;
				GCC_WARN_UNUSED_FUNCTION = YES;
				GCC_WARN_UNUSED_VARIABLE = YES;
				MTL_ENABLE_DEBUG_INFO = INCLUDE_SOURCE;
				MTL_FAST_MATH = YES;
				ONLY_ACTIVE_ARCH = YES;
				SWIFT_ACTIVE_COMPILATION_CONDITIONS = DEBUG;
				SWIFT_OPTIMIZATION_LEVEL = "-Onone";
			};
			name = Debug;
		};
		DCB709C9257BD2890098D572 /* Release */ = {
			isa = XCBuildConfiguration;
			buildSettings = {
				ALWAYS_SEARCH_USER_PATHS = NO;
				CLANG_ANALYZER_NONNULL = YES;
				CLANG_ANALYZER_NUMBER_OBJECT_CONVERSION = YES_AGGRESSIVE;
				CLANG_CXX_LANGUAGE_STANDARD = "gnu++14";
				CLANG_CXX_LIBRARY = "libc++";
				CLANG_ENABLE_MODULES = YES;
				CLANG_ENABLE_OBJC_ARC = YES;
				CLANG_ENABLE_OBJC_WEAK = YES;
				CLANG_WARN_BLOCK_CAPTURE_AUTORELEASING = YES;
				CLANG_WARN_BOOL_CONVERSION = YES;
				CLANG_WARN_COMMA = YES;
				CLANG_WARN_CONSTANT_CONVERSION = YES;
				CLANG_WARN_DEPRECATED_OBJC_IMPLEMENTATIONS = YES;
				CLANG_WARN_DIRECT_OBJC_ISA_USAGE = YES_ERROR;
				CLANG_WARN_DOCUMENTATION_COMMENTS = YES;
				CLANG_WARN_EMPTY_BODY = YES;
				CLANG_WARN_ENUM_CONVERSION = YES;
				CLANG_WARN_INFINITE_RECURSION = YES;
				CLANG_WARN_INT_CONVERSION = YES;
				CLANG_WARN_NON_LITERAL_NULL_CONVERSION = YES;
				CLANG_WARN_OBJC_IMPLICIT_RETAIN_SELF = YES;
				CLANG_WARN_OBJC_LITERAL_CONVERSION = YES;
				CLANG_WARN_OBJC_ROOT_CLASS = YES_ERROR;
				CLANG_WARN_QUOTED_INCLUDE_IN_FRAMEWORK_HEADER = YES;
				CLANG_WARN_RANGE_LOOP_ANALYSIS = YES;
				CLANG_WARN_STRICT_PROTOTYPES = YES;
				CLANG_WARN_SUSPICIOUS_MOVE = YES;
				CLANG_WARN_UNGUARDED_AVAILABILITY = YES_AGGRESSIVE;
				CLANG_WARN_UNREACHABLE_CODE = YES;
				CLANG_WARN__DUPLICATE_METHOD_MATCH = YES;
				COPY_PHASE_STRIP = NO;
				DEBUG_INFORMATION_FORMAT = "dwarf-with-dsym";
				ENABLE_NS_ASSERTIONS = NO;
				ENABLE_STRICT_OBJC_MSGSEND = YES;
				GCC_C_LANGUAGE_STANDARD = gnu11;
				GCC_NO_COMMON_BLOCKS = YES;
				GCC_WARN_64_TO_32_BIT_CONVERSION = YES;
				GCC_WARN_ABOUT_RETURN_TYPE = YES_ERROR;
				GCC_WARN_UNDECLARED_SELECTOR = YES;
				GCC_WARN_UNINITIALIZED_AUTOS = YES_AGGRESSIVE;
				GCC_WARN_UNUSED_FUNCTION = YES;
				GCC_WARN_UNUSED_VARIABLE = YES;
				MTL_ENABLE_DEBUG_INFO = NO;
				MTL_FAST_MATH = YES;
				SWIFT_COMPILATION_MODE = wholemodule;
				SWIFT_OPTIMIZATION_LEVEL = "-O";
			};
			name = Release;
		};
		DCB709CB257BD2890098D572 /* Debug */ = {
			isa = XCBuildConfiguration;
			buildSettings = {
				ASSETCATALOG_COMPILER_APPICON_NAME = AppIcon;
				ASSETCATALOG_COMPILER_GLOBAL_ACCENT_COLOR_NAME = AccentColor;
				CODE_SIGN_STYLE = Automatic;
				DEVELOPMENT_TEAM = ZF77S432VU;
				ENABLE_PREVIEWS = YES;
				INFOPLIST_FILE = iOS/Info.plist;
				IPHONEOS_DEPLOYMENT_TARGET = 14.0;
				LD_RUNPATH_SEARCH_PATHS = (
					"$(inherited)",
					"@executable_path/Frameworks",
				);
				PRODUCT_BUNDLE_IDENTIFIER = "dev.stephendenekamp.My-Audio";
				PRODUCT_NAME = "My Audio";
				SDKROOT = iphoneos;
				SWIFT_VERSION = 5.0;
				TARGETED_DEVICE_FAMILY = "1,2";
			};
			name = Debug;
		};
		DCB709CC257BD2890098D572 /* Release */ = {
			isa = XCBuildConfiguration;
			buildSettings = {
				ASSETCATALOG_COMPILER_APPICON_NAME = AppIcon;
				ASSETCATALOG_COMPILER_GLOBAL_ACCENT_COLOR_NAME = AccentColor;
				CODE_SIGN_STYLE = Automatic;
				DEVELOPMENT_TEAM = ZF77S432VU;
				ENABLE_PREVIEWS = YES;
				INFOPLIST_FILE = iOS/Info.plist;
				IPHONEOS_DEPLOYMENT_TARGET = 14.0;
				LD_RUNPATH_SEARCH_PATHS = (
					"$(inherited)",
					"@executable_path/Frameworks",
				);
				PRODUCT_BUNDLE_IDENTIFIER = "dev.stephendenekamp.My-Audio";
				PRODUCT_NAME = "My Audio";
				SDKROOT = iphoneos;
				SWIFT_VERSION = 5.0;
				TARGETED_DEVICE_FAMILY = "1,2";
				VALIDATE_PRODUCT = YES;
			};
			name = Release;
		};
		DCB709CE257BD2890098D572 /* Debug */ = {
			isa = XCBuildConfiguration;
			buildSettings = {
				ASSETCATALOG_COMPILER_APPICON_NAME = AppIcon;
				ASSETCATALOG_COMPILER_GLOBAL_ACCENT_COLOR_NAME = AccentColor;
				CODE_SIGN_ENTITLEMENTS = macOS/macOS.entitlements;
				CODE_SIGN_STYLE = Automatic;
				COMBINE_HIDPI_IMAGES = YES;
				DEVELOPMENT_TEAM = ZF77S432VU;
				ENABLE_HARDENED_RUNTIME = YES;
				ENABLE_PREVIEWS = YES;
				INFOPLIST_FILE = macOS/Info.plist;
				LD_RUNPATH_SEARCH_PATHS = (
					"$(inherited)",
					"@executable_path/../Frameworks",
				);
				MACOSX_DEPLOYMENT_TARGET = 11.0;
				PRODUCT_BUNDLE_IDENTIFIER = "dev.stephendenekamp.My-Audio";
				PRODUCT_NAME = "My Audio";
				SDKROOT = macosx;
				SWIFT_VERSION = 5.0;
			};
			name = Debug;
		};
		DCB709CF257BD2890098D572 /* Release */ = {
			isa = XCBuildConfiguration;
			buildSettings = {
				ASSETCATALOG_COMPILER_APPICON_NAME = AppIcon;
				ASSETCATALOG_COMPILER_GLOBAL_ACCENT_COLOR_NAME = AccentColor;
				CODE_SIGN_ENTITLEMENTS = macOS/macOS.entitlements;
				CODE_SIGN_STYLE = Automatic;
				COMBINE_HIDPI_IMAGES = YES;
				DEVELOPMENT_TEAM = ZF77S432VU;
				ENABLE_HARDENED_RUNTIME = YES;
				ENABLE_PREVIEWS = YES;
				INFOPLIST_FILE = macOS/Info.plist;
				LD_RUNPATH_SEARCH_PATHS = (
					"$(inherited)",
					"@executable_path/../Frameworks",
				);
				MACOSX_DEPLOYMENT_TARGET = 11.0;
				PRODUCT_BUNDLE_IDENTIFIER = "dev.stephendenekamp.My-Audio";
				PRODUCT_NAME = "My Audio";
				SDKROOT = macosx;
				SWIFT_VERSION = 5.0;
			};
			name = Release;
		};
/* End XCBuildConfiguration section */

/* Begin XCConfigurationList section */
		DCB709AD257BD2880098D572 /* Build configuration list for PBXProject "My Audio" */ = {
			isa = XCConfigurationList;
			buildConfigurations = (
				DCB709C8257BD2890098D572 /* Debug */,
				DCB709C9257BD2890098D572 /* Release */,
			);
			defaultConfigurationIsVisible = 0;
			defaultConfigurationName = Release;
		};
		DCB709CA257BD2890098D572 /* Build configuration list for PBXNativeTarget "My Audio (iOS)" */ = {
			isa = XCConfigurationList;
			buildConfigurations = (
				DCB709CB257BD2890098D572 /* Debug */,
				DCB709CC257BD2890098D572 /* Release */,
			);
			defaultConfigurationIsVisible = 0;
			defaultConfigurationName = Release;
		};
		DCB709CD257BD2890098D572 /* Build configuration list for PBXNativeTarget "My Audio (macOS)" */ = {
			isa = XCConfigurationList;
			buildConfigurations = (
				DCB709CE257BD2890098D572 /* Debug */,
				DCB709CF257BD2890098D572 /* Release */,
			);
			defaultConfigurationIsVisible = 0;
			defaultConfigurationName = Release;
		};
/* End XCConfigurationList section */
	};
	rootObject = DCB709AA257BD2880098D572 /* Project object */;
}
